PODS:
  - AFNetworking (4.0.1):
    - AFNetworking/NSURLSession (= 4.0.1)
    - AFNetworking/Reachability (= 4.0.1)
    - AFNetworking/Security (= 4.0.1)
    - AFNetworking/Serialization (= 4.0.1)
    - AFNetworking/UIKit (= 4.0.1)
  - AFNetworking/NSURLSession (4.0.1):
    - AFNetworking/Reachability
    - AFNetworking/Security
    - AFNetworking/Serialization
  - AFNetworking/Reachability (4.0.1)
  - AFNetworking/Security (4.0.1)
  - AFNetworking/Serialization (4.0.1)
  - AFNetworking/UIKit (4.0.1):
    - AFNetworking/NSURLSession
  - CLKitHelp (1.1):
    - AFNetworking
    - CocoaAsyncSocket
    - DZNEmptyDataSet
    - Masonry
    - MBProgressHUD
    - MJRefresh
    - SocketRocket
    - YYCache
    - YYModel
  - CocoaAsyncSocket (7.6.4)
  - DZNEmptyDataSet (1.8.1)
  - FBSnapshotTestCase (2.1.4):
    - FBSnapshotTestCase/SwiftSupport (= 2.1.4)
  - FBSnapshotTestCase/Core (2.1.4)
  - FBSnapshotTestCase/SwiftSupport (2.1.4):
    - FBSnapshotTestCase/Core
  - Masonry (1.1.0)
  - MBProgressHUD (1.2.0)
  - MJRefresh (3.5.0)
  - SocketRocket (0.5.1)
  - YYCache (1.0.4)
  - YYModel (1.0.4)

DEPENDENCIES:
  - CLKitHelp (from `../`)
  - FBSnapshotTestCase

SPEC REPOS:
  trunk:
    - AFNetworking
    - CocoaAsyncSocket
    - DZNEmptyDataSet
    - FBSnapshotTestCase
    - Masonry
    - MBProgressHUD
    - MJRefresh
    - SocketRocket
    - YYCache
    - YYModel

EXTERNAL SOURCES:
  CLKitHelp:
    :path: "../"

SPEC CHECKSUMS:
  AFNetworking: 7864c38297c79aaca1500c33288e429c3451fdce
  CLKitHelp: 27d30ddf65a1ad15913b0dc06ed09ff5f517767a
  CocoaAsyncSocket: 694058e7c0ed05a9e217d1b3c7ded962f4180845
  DZNEmptyDataSet: 9525833b9e68ac21c30253e1d3d7076cc828eaa7
  FBSnapshotTestCase: 094f9f314decbabe373b87cc339bea235a63e07a
  Masonry: 678fab65091a9290e40e2832a55e7ab731aad201
  MBProgressHUD: 3ee5efcc380f6a79a7cc9b363dd669c5e1ae7406
  MJRefresh: 6afc955813966afb08305477dd7a0d9ad5e79a16
  SocketRocket: d57c7159b83c3c6655745cd15302aa24b6bae531
  YYCache: 8105b6638f5e849296c71f331ff83891a4942952
  YYModel: 2a7fdd96aaa4b86a824e26d0c517de8928c04b30

PODFILE CHECKSUM: abab7a93dbb07510d318c90ec1de7a90fc527cb9

COCOAPODS: 1.10.0.rc.1
